// !$*UTF8*$!
{
	archiveVersion = 1;
	classes = {
	};
	objectVersion = 56;
	objects = {

/* Begin PBXBuildFile section */
		D95DA0B22B30792C008A4E8D /* ExpenseTracerApp.swift in Sources */ = {isa = PBXBuildFile; fileRef = D95DA0B12B30792C008A4E8D /* ExpenseTracerApp.swift */; };
		D95DA0B42B30792C008A4E8D /* ContentView.swift in Sources */ = {isa = PBXBuildFile; fileRef = D95DA0B32B30792C008A4E8D /* ContentView.swift */; };
		D95DA0B62B30792D008A4E8D /* Assets.xcassets in Resources */ = {isa = PBXBuildFile; fileRef = D95DA0B52B30792D008A4E8D /* Assets.xcassets */; };
		D95DA0B92B30792D008A4E8D /* Preview Assets.xcassets in Resources */ = {isa = PBXBuildFile; fileRef = D95DA0B82B30792D008A4E8D /* Preview Assets.xcassets */; };
		D95DA0C22B307AC4008A4E8D /* SplashScreen.swift in Sources */ = {isa = PBXBuildFile; fileRef = D95DA0C12B307AC4008A4E8D /* SplashScreen.swift */; };
		D95DA0C52B307DAB008A4E8D /* Constants.swift in Sources */ = {isa = PBXBuildFile; fileRef = D95DA0C42B307DAB008A4E8D /* Constants.swift */; };
		D95DA0C72B30819C008A4E8D /* TabItem.swift in Sources */ = {isa = PBXBuildFile; fileRef = D95DA0C62B30819C008A4E8D /* TabItem.swift */; };
		D996D08F2B34477100EEFCE0 /* Date+Extension.swift in Sources */ = {isa = PBXBuildFile; fileRef = D996D08E2B34477100EEFCE0 /* Date+Extension.swift */; };
		D996D0922B344CC100EEFCE0 /* CardView.swift in Sources */ = {isa = PBXBuildFile; fileRef = D996D0912B344CC100EEFCE0 /* CardView.swift */; };
		D996D0942B34690F00EEFCE0 /* TransActionCardView.swift in Sources */ = {isa = PBXBuildFile; fileRef = D996D0932B34690F00EEFCE0 /* TransActionCardView.swift */; };
		D996D0962B346E8200EEFCE0 /* SwipeAction.swift in Sources */ = {isa = PBXBuildFile; fileRef = D996D0952B346E8200EEFCE0 /* SwipeAction.swift */; };
		D996D0982B347FB500EEFCE0 /* DateFilterView.swift in Sources */ = {isa = PBXBuildFile; fileRef = D996D0972B347FB500EEFCE0 /* DateFilterView.swift */; };
		D996D09A2B3AE8BB00EEFCE0 /* LockView.swift in Sources */ = {isa = PBXBuildFile; fileRef = D996D0992B3AE8BB00EEFCE0 /* LockView.swift */; };
		D9AC31F32B308AEA006F7973 /* CategoryItem.swift in Sources */ = {isa = PBXBuildFile; fileRef = D9AC31F22B308AEA006F7973 /* CategoryItem.swift */; };
		D9AC31F52B308B22006F7973 /* TransactionModel.swift in Sources */ = {isa = PBXBuildFile; fileRef = D9AC31F42B308B22006F7973 /* TransactionModel.swift */; };
		D9AC31F72B308C86006F7973 /* TintColor.swift in Sources */ = {isa = PBXBuildFile; fileRef = D9AC31F62B308C86006F7973 /* TintColor.swift */; };
		D9AC31FA2B30A3C8006F7973 /* RecentTransactions.swift in Sources */ = {isa = PBXBuildFile; fileRef = D9AC31F92B30A3C8006F7973 /* RecentTransactions.swift */; };
		D9AC31FC2B30A3D2006F7973 /* SearchAmongTransActions.swift in Sources */ = {isa = PBXBuildFile; fileRef = D9AC31FB2B30A3D2006F7973 /* SearchAmongTransActions.swift */; };
		D9AC31FE2B30A3F1006F7973 /* GraphForTransactions.swift in Sources */ = {isa = PBXBuildFile; fileRef = D9AC31FD2B30A3F1006F7973 /* GraphForTransactions.swift */; };
		D9AC32002B30A3FD006F7973 /* ApplicationSettings.swift in Sources */ = {isa = PBXBuildFile; fileRef = D9AC31FF2B30A3FD006F7973 /* ApplicationSettings.swift */; };
		D9AC32022B333049006F7973 /* View+Extentions.swift in Sources */ = {isa = PBXBuildFile; fileRef = D9AC32012B333049006F7973 /* View+Extentions.swift */; };
		D9CE2F782BC46842006EF862 /* FilterTransactionsView.swift in Sources */ = {isa = PBXBuildFile; fileRef = D9CE2F772BC46842006EF862 /* FilterTransactionsView.swift */; };
		D9CE2F7A2BC46C23006EF862 /* TransactionIncomeExpenseView.swift in Sources */ = {isa = PBXBuildFile; fileRef = D9CE2F792BC46C23006EF862 /* TransactionIncomeExpenseView.swift */; };
		D9CE2F7C2BC46F25006EF862 /* ChartModel.swift in Sources */ = {isa = PBXBuildFile; fileRef = D9CE2F7B2BC46F25006EF862 /* ChartModel.swift */; };
		D9CE2F842BC471B1006EF862 /* WidgetKit.framework in Frameworks */ = {isa = PBXBuildFile; fileRef = D9CE2F832BC471B1006EF862 /* WidgetKit.framework */; };
		D9CE2F862BC471B1006EF862 /* SwiftUI.framework in Frameworks */ = {isa = PBXBuildFile; fileRef = D9CE2F852BC471B1006EF862 /* SwiftUI.framework */; };
		D9CE2F892BC471B1006EF862 /* StatsCardViewBundle.swift in Sources */ = {isa = PBXBuildFile; fileRef = D9CE2F882BC471B1006EF862 /* StatsCardViewBundle.swift */; };
		D9CE2F8D2BC471B1006EF862 /* StatsCardView.swift in Sources */ = {isa = PBXBuildFile; fileRef = D9CE2F8C2BC471B1006EF862 /* StatsCardView.swift */; };
		D9CE2F912BC471B3006EF862 /* Assets.xcassets in Resources */ = {isa = PBXBuildFile; fileRef = D9CE2F902BC471B3006EF862 /* Assets.xcassets */; };
		D9CE2F952BC471B3006EF862 /* StatsCardViewExtension.appex in Embed Foundation Extensions */ = {isa = PBXBuildFile; fileRef = D9CE2F812BC471B1006EF862 /* StatsCardViewExtension.appex */; settings = {ATTRIBUTES = (RemoveHeadersOnCopy, ); }; };
		D9CE2F9C2BC473C4006EF862 /* CardView.swift in Sources */ = {isa = PBXBuildFile; fileRef = D996D0912B344CC100EEFCE0 /* CardView.swift */; };
		D9CE2F9D2BC473CF006EF862 /* FilterTransactionsView.swift in Sources */ = {isa = PBXBuildFile; fileRef = D9CE2F772BC46842006EF862 /* FilterTransactionsView.swift */; };
		D9CE2F9E2BC473E8006EF862 /* CategoryItem.swift in Sources */ = {isa = PBXBuildFile; fileRef = D9AC31F22B308AEA006F7973 /* CategoryItem.swift */; };
		D9CE2F9F2BC473EE006EF862 /* TransactionModel.swift in Sources */ = {isa = PBXBuildFile; fileRef = D9AC31F42B308B22006F7973 /* TransactionModel.swift */; };
		D9CE2FA02BC473F2006EF862 /* TintColor.swift in Sources */ = {isa = PBXBuildFile; fileRef = D9AC31F62B308C86006F7973 /* TintColor.swift */; };
		D9CE2FA12BC473FD006EF862 /* Constants.swift in Sources */ = {isa = PBXBuildFile; fileRef = D95DA0C42B307DAB008A4E8D /* Constants.swift */; };
		D9CE2FA22BC47404006EF862 /* View+Extentions.swift in Sources */ = {isa = PBXBuildFile; fileRef = D9AC32012B333049006F7973 /* View+Extentions.swift */; };
		D9CE2FA32BC47406006EF862 /* Date+Extension.swift in Sources */ = {isa = PBXBuildFile; fileRef = D996D08E2B34477100EEFCE0 /* Date+Extension.swift */; };
		A1B2C0012B500001008A4E8D /* AppLanguage.swift in Sources */ = {isa = PBXBuildFile; fileRef = A1B2C0022B500001008A4E8D /* AppLanguage.swift */; };
		A1B2C0032B500001008A4E8D /* Localizable.xcstrings in Resources */ = {isa = PBXBuildFile; fileRef = A1B2C0042B500001008A4E8D /* Localizable.xcstrings */; };
		A1B2C0052B500001008A4E8D /* InfoPlist.xcstrings in Resources */ = {isa = PBXBuildFile; fileRef = A1B2C0062B500001008A4E8D /* InfoPlist.xcstrings */; };
		A1B2C0072B500001008A4E8D /* AppLanguage.swift in Sources */ = {isa = PBXBuildFile; fileRef = A1B2C0022B500001008A4E8D /* AppLanguage.swift */; };
		A1B2C0082B500001008A4E8D /* Localizable.xcstrings in Resources */ = {isa = PBXBuildFile; fileRef = A1B2C0042B500001008A4E8D /* Localizable.xcstrings */; };
/* End PBXBuildFile section */

/* Begin PBXContainerItemProxy section */
		D9CE2F932BC471B3006EF862 /* PBXContainerItemProxy */ = {
			isa = PBXContainerItemProxy;
			containerPortal = D95DA0A62B30792C008A4E8D /* Project object */;
			proxyType = 1;
			remoteGlobalIDString = D9CE2F802BC471B1006EF862;
			remoteInfo = StatsCardViewExtension;
		};
/* End PBXContainerItemProxy section */

/* Begin PBXCopyFilesBuildPhase section */
		D9CE2F992BC471B3006EF862 /* Embed Foundation Extensions */ = {
			isa = PBXCopyFilesBuildPhase;
			buildActionMask = 2147483647;
			dstPath = "";
			dstSubfolderSpec = 13;
			files = (
				D9CE2F952BC471B3006EF862 /* StatsCardViewExtension.appex in Embed Foundation Extensions */,
			);
			name = "Embed Foundation Extensions";
			runOnlyForDeploymentPostprocessing = 0;
		};
/* End PBXCopyFilesBuildPhase section */

/* Begin PBXFileReference section */
		D95DA0AE2B30792C008A4E8D /* ExpenseTracer.app */ = {isa = PBXFileReference; explicitFileType = wrapper.application; includeInIndex = 0; path = ExpenseTracer.app; sourceTree = BUILT_PRODUCTS_DIR; };
		D95DA0B12B30792C008A4E8D /* ExpenseTracerApp.swift */ = {isa = PBXFileReference; lastKnownFileType = sourcecode.swift; path = ExpenseTracerApp.swift; sourceTree = "<group>"; };
		D95DA0B32B30792C008A4E8D /* ContentView.swift */ = {isa = PBXFileReference; lastKnownFileType = sourcecode.swift; path = ContentView.swift; sourceTree = "<group>"; };
		D95DA0B52B30792D008A4E8D /* Assets.xcassets */ = {isa = PBXFileReference; lastKnownFileType = folder.assetcatalog; path = Assets.xcassets; sourceTree = "<group>"; };
		D95DA0B82B30792D008A4E8D /* Preview Assets.xcassets */ = {isa = PBXFileReference; lastKnownFileType = folder.assetcatalog; path = "Preview Assets.xcassets"; sourceTree = "<group>"; };
		D95DA0C12B307AC4008A4E8D /* SplashScreen.swift */ = {isa = PBXFileReference; lastKnownFileType = sourcecode.swift; path = SplashScreen.swift; sourceTree = "<group>"; };
		D95DA0C42B307DAB008A4E8D /* Constants.swift */ = {isa = PBXFileReference; lastKnownFileType = sourcecode.swift; path = Constants.swift; sourceTree = "<group>"; };
		D95DA0C62B30819C008A4E8D /* TabItem.swift */ = {isa = PBXFileReference; lastKnownFileType = sourcecode.swift; path = TabItem.swift; sourceTree = "<group>"; };
		D996D08E2B34477100EEFCE0 /* Date+Extension.swift */ = {isa = PBXFileReference; lastKnownFileType = sourcecode.swift; path = "Date+Extension.swift"; sourceTree = "<group>"; };
		D996D0912B344CC100EEFCE0 /* CardView.swift */ = {isa = PBXFileReference; lastKnownFileType = sourcecode.swift; path = CardView.swift; sourceTree = "<group>"; };
		D996D0932B34690F00EEFCE0 /* TransActionCardView.swift */ = {isa = PBXFileReference; lastKnownFileType = sourcecode.swift; path = TransActionCardView.swift; sourceTree = "<group>"; };
		D996D0952B346E8200EEFCE0 /* SwipeAction.swift */ = {isa = PBXFileReference; fileEncoding = 4; lastKnownFileType = sourcecode.swift; path = SwipeAction.swift; sourceTree = "<group>"; };
		D996D0972B347FB500EEFCE0 /* DateFilterView.swift */ = {isa = PBXFileReference; lastKnownFileType = sourcecode.swift; path = DateFilterView.swift; sourceTree = "<group>"; };
		D996D0992B3AE8BB00EEFCE0 /* LockView.swift */ = {isa = PBXFileReference; fileEncoding = 4; lastKnownFileType = sourcecode.swift; path = LockView.swift; sourceTree = "<group>"; };
		D9AC31F22B308AEA006F7973 /* CategoryItem.swift */ = {isa = PBXFileReference; lastKnownFileType = sourcecode.swift; path = CategoryItem.swift; sourceTree = "<group>"; };
		D9AC31F42B308B22006F7973 /* TransactionModel.swift */ = {isa = PBXFileReference; lastKnownFileType = sourcecode.swift; path = TransactionModel.swift; sourceTree = "<group>"; };
		D9AC31F62B308C86006F7973 /* TintColor.swift */ = {isa = PBXFileReference; lastKnownFileType = sourcecode.swift; path = TintColor.swift; sourceTree = "<group>"; };
		D9AC31F92B30A3C8006F7973 /* RecentTransactions.swift */ = {isa = PBXFileReference; lastKnownFileType = sourcecode.swift; path = RecentTransactions.swift; sourceTree = "<group>"; };
		D9AC31FB2B30A3D2006F7973 /* SearchAmongTransActions.swift */ = {isa = PBXFileReference; lastKnownFileType = sourcecode.swift; path = SearchAmongTransActions.swift; sourceTree = "<group>"; };
		D9AC31FD2B30A3F1006F7973 /* GraphForTransactions.swift */ = {isa = PBXFileReference; lastKnownFileType = sourcecode.swift; path = GraphForTransactions.swift; sourceTree = "<group>"; };
		D9AC31FF2B30A3FD006F7973 /* ApplicationSettings.swift */ = {isa = PBXFileReference; lastKnownFileType = sourcecode.swift; path = ApplicationSettings.swift; sourceTree = "<group>"; };
		D9AC32012B333049006F7973 /* View+Extentions.swift */ = {isa = PBXFileReference; lastKnownFileType = sourcecode.swift; path = "View+Extentions.swift"; sourceTree = "<group>"; };
		D9CE2F772BC46842006EF862 /* FilterTransactionsView.swift */ = {isa = PBXFileReference; lastKnownFileType = sourcecode.swift; path = FilterTransactionsView.swift; sourceTree = "<group>"; };
		D9CE2F792BC46C23006EF862 /* TransactionIncomeExpenseView.swift */ = {isa = PBXFileReference; lastKnownFileType = sourcecode.swift; path = TransactionIncomeExpenseView.swift; sourceTree = "<group>"; };
		D9CE2F7B2BC46F25006EF862 /* ChartModel.swift */ = {isa = PBXFileReference; lastKnownFileType = sourcecode.swift; path = ChartModel.swift; sourceTree = "<group>"; };
		D9CE2F812BC471B1006EF862 /* StatsCardViewExtension.appex */ = {isa = PBXFileReference; explicitFileType = "wrapper.app-extension"; includeInIndex = 0; path = StatsCardViewExtension.appex; sourceTree = BUILT_PRODUCTS_DIR; };
		D9CE2F832BC471B1006EF862 /* WidgetKit.framework */ = {isa = PBXFileReference; lastKnownFileType = wrapper.framework; name = WidgetKit.framework; path = System/Library/Frameworks/WidgetKit.framework; sourceTree = SDKROOT; };
		D9CE2F852BC471B1006EF862 /* SwiftUI.framework */ = {isa = PBXFileReference; lastKnownFileType = wrapper.framework; name = SwiftUI.framework; path = System/Library/Frameworks/SwiftUI.framework; sourceTree = SDKROOT; };
		D9CE2F882BC471B1006EF862 /* StatsCardViewBundle.swift */ = {isa = PBXFileReference; lastKnownFileType = sourcecode.swift; path = StatsCardViewBundle.swift; sourceTree = "<group>"; };
		D9CE2F8C2BC471B1006EF862 /* StatsCardView.swift */ = {isa = PBXFileReference; lastKnownFileType = sourcecode.swift; path = StatsCardView.swift; sourceTree = "<group>"; };
		D9CE2F902BC471B3006EF862 /* Assets.xcassets */ = {isa = PBXFileReference; lastKnownFileType = folder.assetcatalog; path = Assets.xcassets; sourceTree = "<group>"; };
		D9CE2F922BC471B3006EF862 /* Info.plist */ = {isa = PBXFileReference; lastKnownFileType = text.plist.xml; path = Info.plist; sourceTree = "<group>"; };
		D9CE2F9A2BC4725B006EF862 /* StatsCardViewExtension.entitlements */ = {isa = PBXFileReference; fileEncoding = 4; lastKnownFileType = text.plist.entitlements; path = StatsCardViewExtension.entitlements; sourceTree = "<group>"; };
		D9CE2F9B2BC472D5006EF862 /* ExpenseTracer.entitlements */ = {isa = PBXFileReference; fileEncoding = 4; lastKnownFileType = text.plist.entitlements; path = ExpenseTracer.entitlements; sourceTree = "<group>"; };
		A1B2C0022B500001008A4E8D /* AppLanguage.swift */ = {isa = PBXFileReference; lastKnownFileType = sourcecode.swift; path = AppLanguage.swift; sourceTree = "<group>"; };
		A1B2C0042B500001008A4E8D /* Localizable.xcstrings */ = {isa = PBXFileReference; lastKnownFileType = text.json.xcstrings; path = Localizable.xcstrings; sourceTree = "<group>"; };
		A1B2C0062B500001008A4E8D /* InfoPlist.xcstrings */ = {isa = PBXFileReference; lastKnownFileType = text.json.xcstrings; path = InfoPlist.xcstrings; sourceTree = "<group>"; };
/* End PBXFileReference section */

/* Begin PBXFrameworksBuildPhase section */
		D95DA0AB2B30792C008A4E8D /* Frameworks */ = {
			isa = PBXFrameworksBuildPhase;
			buildActionMask = 2147483647;
			files = (
			);
			runOnlyForDeploymentPostprocessing = 0;
		};
		D9CE2F7E2BC471B1006EF862 /* Frameworks */ = {
			isa = PBXFrameworksBuildPhase;
			buildActionMask = 2147483647;
			files = (
				D9CE2F862BC471B1006EF862 /* SwiftUI.framework in Frameworks */,
				D9CE2F842BC471B1006EF862 /* WidgetKit.framework in Frameworks */,
			);
			runOnlyForDeploymentPostprocessing = 0;
		};
/* End PBXFrameworksBuildPhase section */

/* Begin PBXGroup section */
		D95DA0A52B30792C008A4E8D = {
			isa = PBXGroup;
			children = (
				D9CE2F9A2BC4725B006EF862 /* StatsCardViewExtension.entitlements */,
				D95DA0B02B30792C008A4E8D /* ExpenseTracer */,
				D9CE2F872BC471B1006EF862 /* StatsCardView */,
				D9CE2F822BC471B1006EF862 /* Frameworks */,
				D95DA0AF2B30792C008A4E8D /* Products */,
			);
			sourceTree = "<group>";
		};
		D95DA0AF2B30792C008A4E8D /* Products */ = {
			isa = PBXGroup;
			children = (
				D95DA0AE2B30792C008A4E8D /* ExpenseTracer.app */,
				D9CE2F812BC471B1006EF862 /* StatsCardViewExtension.appex */,
			);
			name = Products;
			sourceTree = "<group>";
		};
		D95DA0B02B30792C008A4E8D /* ExpenseTracer */ = {
			isa = PBXGroup;
			children = (
				D95DA0C32B307DA2008A4E8D /* Helper */,
				D95DA0C02B307AB9008A4E8D /* Model */,
				D95DA0BF2B307AB5008A4E8D /* View */,
				D95DA0B12B30792C008A4E8D /* ExpenseTracerApp.swift */,
				D95DA0B32B30792C008A4E8D /* ContentView.swift */,
				A1B2C0042B500001008A4E8D /* Localizable.xcstrings */,
				A1B2C0062B500001008A4E8D /* InfoPlist.xcstrings */,
				D95DA0B52B30792D008A4E8D /* Assets.xcassets */,
				D9CE2F9B2BC472D5006EF862 /* ExpenseTracer.entitlements */,
				D95DA0B72B30792D008A4E8D /* Preview Content */,
			);
			path = ExpenseTracer;
			sourceTree = "<group>";
		};
		D95DA0B72B30792D008A4E8D /* Preview Content */ = {
			isa = PBXGroup;
			children = (
				D95DA0B82B30792D008A4E8D /* Preview Assets.xcassets */,
			);
			path = "Preview Content";
			sourceTree = "<group>";
		};
		D95DA0BF2B307AB5008A4E8D /* View */ = {
			isa = PBXGroup;
			children = (
				D996D0902B344CB000EEFCE0 /* Helpers */,
				D9AC31F82B30A3B0006F7973 /* TabViews */,
				D95DA0C12B307AC4008A4E8D /* SplashScreen.swift */,
				D9CE2F792BC46C23006EF862 /* TransactionIncomeExpenseView.swift */,
			);
			path = View;
			sourceTree = "<group>";
		};
		D95DA0C02B307AB9008A4E8D /* Model */ = {
			isa = PBXGroup;
			children = (
				D95DA0C62B30819C008A4E8D /* TabItem.swift */,
				D9AC31F22B308AEA006F7973 /* CategoryItem.swift */,
				D9AC31F42B308B22006F7973 /* TransactionModel.swift */,
				D9AC31F62B308C86006F7973 /* TintColor.swift */,
				D9CE2F7B2BC46F25006EF862 /* ChartModel.swift */,
			);
			path = Model;
			sourceTree = "<group>";
		};
		D95DA0C32B307DA2008A4E8D /* Helper */ = {
			isa = PBXGroup;
			children = (
				D95DA0C42B307DAB008A4E8D /* Constants.swift */,
				A1B2C0022B500001008A4E8D /* AppLanguage.swift */,
				D9AC32012B333049006F7973 /* View+Extentions.swift */,
				D996D08E2B34477100EEFCE0 /* Date+Extension.swift */,
			);
			path = Helper;
			sourceTree = "<group>";
		};
		D996D0902B344CB000EEFCE0 /* Helpers */ = {
			isa = PBXGroup;
			children = (
				D996D0992B3AE8BB00EEFCE0 /* LockView.swift */,
				D996D0952B346E8200EEFCE0 /* SwipeAction.swift */,
				D996D0912B344CC100EEFCE0 /* CardView.swift */,
				D996D0932B34690F00EEFCE0 /* TransActionCardView.swift */,
				D996D0972B347FB500EEFCE0 /* DateFilterView.swift */,
				D9CE2F772BC46842006EF862 /* FilterTransactionsView.swift */,
			);
			path = Helpers;
			sourceTree = "<group>";
		};
		D9AC31F82B30A3B0006F7973 /* TabViews */ = {
			isa = PBXGroup;
			children = (
				D9AC31F92B30A3C8006F7973 /* RecentTransactions.swift */,
				D9AC31FB2B30A3D2006F7973 /* SearchAmongTransActions.swift */,
				D9AC31FD2B30A3F1006F7973 /* GraphForTransactions.swift */,
				D9AC31FF2B30A3FD006F7973 /* ApplicationSettings.swift */,
			);
			path = TabViews;
			sourceTree = "<group>";
		};
		D9CE2F822BC471B1006EF862 /* Frameworks */ = {
			isa = PBXGroup;
			children = (
				D9CE2F832BC471B1006EF862 /* WidgetKit.framework */,
				D9CE2F852BC471B1006EF862 /* SwiftUI.framework */,
			);
			name = Frameworks;
			sourceTree = "<group>";
		};
		D9CE2F872BC471B1006EF862 /* StatsCardView */ = {
			isa = PBXGroup;
			children = (
				D9CE2F882BC471B1006EF862 /* StatsCardViewBundle.swift */,
				D9CE2F8C2BC471B1006EF862 /* StatsCardView.swift */,
				D9CE2F902BC471B3006EF862 /* Assets.xcassets */,
				D9CE2F922BC471B3006EF862 /* Info.plist */,
			);
			path = StatsCardView;
			sourceTree = "<group>";
		};
/* End PBXGroup section */

/* Begin PBXNativeTarget section */
		D95DA0AD2B30792C008A4E8D /* ExpenseTracer */ = {
			isa = PBXNativeTarget;
			buildConfigurationList = D95DA0BC2B30792D008A4E8D /* Build configuration list for PBXNativeTarget "ExpenseTracer" */;
			buildPhases = (
				D95DA0AA2B30792C008A4E8D /* Sources */,
				D95DA0AB2B30792C008A4E8D /* Frameworks */,
				D95DA0AC2B30792C008A4E8D /* Resources */,
				D9CE2F992BC471B3006EF862 /* Embed Foundation Extensions */,
			);
			buildRules = (
			);
			dependencies = (
				D9CE2F942BC471B3006EF862 /* PBXTargetDependency */,
			);
			name = ExpenseTracer;
			productName = ExpenseTracer;
			productReference = D95DA0AE2B30792C008A4E8D /* ExpenseTracer.app */;
			productType = "com.apple.product-type.application";
		};
		D9CE2F802BC471B1006EF862 /* StatsCardViewExtension */ = {
			isa = PBXNativeTarget;
			buildConfigurationList = D9CE2F962BC471B3006EF862 /* Build configuration list for PBXNativeTarget "StatsCardViewExtension" */;
			buildPhases = (
				D9CE2F7D2BC471B1006EF862 /* Sources */,
				D9CE2F7E2BC471B1006EF862 /* Frameworks */,
				D9CE2F7F2BC471B1006EF862 /* Resources */,
			);
			buildRules = (
			);
			dependencies = (
			);
			name = StatsCardViewExtension;
			productName = StatsCardViewExtension;
			productReference = D9CE2F812BC471B1006EF862 /* StatsCardViewExtension.appex */;
			productType = "com.apple.product-type.app-extension";
		};
/* End PBXNativeTarget section */

/* Begin PBXProject section */
		D95DA0A62B30792C008A4E8D /* Project object */ = {
			isa = PBXProject;
			attributes = {
				BuildIndependentTargetsInParallel = 1;
				LastSwiftUpdateCheck = 1520;
				LastUpgradeCheck = 1500;
				TargetAttributes = {
					D95DA0AD2B30792C008A4E8D = {
						CreatedOnToolsVersion = 15.0.1;
					};
					D9CE2F802BC471B1006EF862 = {
						CreatedOnToolsVersion = 15.2;
					};
				};
			};
			buildConfigurationList = D95DA0A92B30792C008A4E8D /* Build configuration list for PBXProject "ExpenseTracer" */;
			compatibilityVersion = "Xcode 14.0";
			developmentRegion = en;
			hasScannedForEncodings = 0;
			knownRegions = (
				en,
				Base,
				it,
				fa,
			);
			mainGroup = D95DA0A52B30792C008A4E8D;
			productRefGroup = D95DA0AF2B30792C008A4E8D /* Products */;
			projectDirPath = "";
			projectRoot = "";
			targets = (
				D95DA0AD2B30792C008A4E8D /* ExpenseTracer */,
				D9CE2F802BC471B1006EF862 /* StatsCardViewExtension */,
			);
		};
/* End PBXProject section */

/* Begin PBXResourcesBuildPhase section */
		D95DA0AC2B30792C008A4E8D /* Resources */ = {
			isa = PBXResourcesBuildPhase;
			buildActionMask = 2147483647;
			files = (
				D95DA0B92B30792D008A4E8D /* Preview Assets.xcassets in Resources */,
				D95DA0B62B30792D008A4E8D /* Assets.xcassets in Resources */,
				A1B2C0032B500001008A4E8D /* Localizable.xcstrings in Resources */,
				A1B2C0052B500001008A4E8D /* InfoPlist.xcstrings in Resources */,
			);
			runOnlyForDeploymentPostprocessing = 0;
		};
		D9CE2F7F2BC471B1006EF862 /* Resources */ = {
			isa = PBXResourcesBuildPhase;
			buildActionMask = 2147483647;
			files = (
				D9CE2F912BC471B3006EF862 /* Assets.xcassets in Resources */,
				A1B2C0082B500001008A4E8D /* Localizable.xcstrings in Resources */,
			);
			runOnlyForDeploymentPostprocessing = 0;
		};
/* End PBXResourcesBuildPhase section */

/* Begin PBXSourcesBuildPhase section */
		D95DA0AA2B30792C008A4E8D /* Sources */ = {
			isa = PBXSourcesBuildPhase;
			buildActionMask = 2147483647;
			files = (
				D9AC31F72B308C86006F7973 /* TintColor.swift in Sources */,
				D9AC31F52B308B22006F7973 /* TransactionModel.swift in Sources */,
				D996D0982B347FB500EEFCE0 /* DateFilterView.swift in Sources */,
				D95DA0B42B30792C008A4E8D /* ContentView.swift in Sources */,
				D95DA0B22B30792C008A4E8D /* ExpenseTracerApp.swift in Sources */,
				D9CE2F7C2BC46F25006EF862 /* ChartModel.swift in Sources */,
				D996D0922B344CC100EEFCE0 /* CardView.swift in Sources */,
				D9CE2F782BC46842006EF862 /* FilterTransactionsView.swift in Sources */,
				D996D0962B346E8200EEFCE0 /* SwipeAction.swift in Sources */,
				D95DA0C72B30819C008A4E8D /* TabItem.swift in Sources */,
				D95DA0C22B307AC4008A4E8D /* SplashScreen.swift in Sources */,
				D9AC32002B30A3FD006F7973 /* ApplicationSettings.swift in Sources */,
				D95DA0C52B307DAB008A4E8D /* Constants.swift in Sources */,
				A1B2C0012B500001008A4E8D /* AppLanguage.swift in Sources */,
				D9AC31FC2B30A3D2006F7973 /* SearchAmongTransActions.swift in Sources */,
				D9AC31FA2B30A3C8006F7973 /* RecentTransactions.swift in Sources */,
				D9AC32022B333049006F7973 /* View+Extentions.swift in Sources */,
				D9CE2F7A2BC46C23006EF862 /* TransactionIncomeExpenseView.swift in Sources */,
				D996D09A2B3AE8BB00EEFCE0 /* LockView.swift in Sources */,
				D996D08F2B34477100EEFCE0 /* Date+Extension.swift in Sources */,
				D9AC31FE2B30A3F1006F7973 /* GraphForTransactions.swift in Sources */,
				D9AC31F32B308AEA006F7973 /* CategoryItem.swift in Sources */,
				D996D0942B34690F00EEFCE0 /* TransActionCardView.swift in Sources */,
			);
			runOnlyForDeploymentPostprocessing = 0;
		};
		D9CE2F7D2BC471B1006EF862 /* Sources */ = {
			isa = PBXSourcesBuildPhase;
			buildActionMask = 2147483647;
			files = (
				D9CE2FA02BC473F2006EF862 /* TintColor.swift in Sources */,
				D9CE2F8D2BC471B1006EF862 /* StatsCardView.swift in Sources */,
				D9CE2F9E2BC473E8006EF862 /* CategoryItem.swift in Sources */,
				D9CE2F9F2BC473EE006EF862 /* TransactionModel.swift in Sources */,
				D9CE2F9D2BC473CF006EF862 /* FilterTransactionsView.swift in Sources */,
				D9CE2FA32BC47406006EF862 /* Date+Extension.swift in Sources */,
				D9CE2FA22BC47404006EF862 /* View+Extentions.swift in Sources */,
				D9CE2F9C2BC473C4006EF862 /* CardView.swift in Sources */,
				D9CE2F892BC471B1006EF862 /* StatsCardViewBundle.swift in Sources */,
				D9CE2FA12BC473FD006EF862 /* Constants.swift in Sources */,
				A1B2C0072B500001008A4E8D /* AppLanguage.swift in Sources */,
			);
			runOnlyForDeploymentPostprocessing = 0;
		};
/* End PBXSourcesBuildPhase section */

/* Begin PBXTargetDependency section */
		D9CE2F942BC471B3006EF862 /* PBXTargetDependency */ = {
			isa = PBXTargetDependency;
			target = D9CE2F802BC471B1006EF862 /* StatsCardViewExtension */;
			targetProxy = D9CE2F932BC471B3006EF862 /* PBXContainerItemProxy */;
		};
/* End PBXTargetDependency section */

/* Begin XCBuildConfiguration section */
		D95DA0BA2B30792D008A4E8D /* Debug */ = {
			isa = XCBuildConfiguration;
			buildSettings = {
				ALWAYS_SEARCH_USER_PATHS = NO;
				ASSETCATALOG_COMPILER_GENERATE_SWIFT_ASSET_SYMBOL_EXTENSIONS = YES;
				CLANG_ANALYZER_NONNULL = YES;
				CLANG_ANALYZER_NUMBER_OBJECT_CONVERSION = YES_AGGRESSIVE;
				CLANG_CXX_LANGUAGE_STANDARD = "gnu++20";
				CLANG_ENABLE_MODULES = YES;
				CLANG_ENABLE_OBJC_ARC = YES;
				CLANG_ENABLE_OBJC_WEAK = YES;
				CLANG_WARN_BLOCK_CAPTURE_AUTORELEASING = YES;
				CLANG_WARN_BOOL_CONVERSION = YES;
				CLANG_WARN_COMMA = YES;
				CLANG_WARN_CONSTANT_CONVERSION = YES;
				CLANG_WARN_DEPRECATED_OBJC_IMPLEMENTATIONS = YES;
				CLANG_WARN_DIRECT_OBJC_ISA_USAGE = YES_ERROR;
				CLANG_WARN_DOCUMENTATION_COMMENTS = YES;
				CLANG_WARN_EMPTY_BODY = YES;
				CLANG_WARN_ENUM_CONVERSION = YES;
				CLANG_WARN_INFINITE_RECURSION = YES;
				CLANG_WARN_INT_CONVERSION = YES;
				CLANG_WARN_NON_LITERAL_NULL_CONVERSION = YES;
				CLANG_WARN_OBJC_IMPLICIT_RETAIN_SELF = YES;
				CLANG_WARN_OBJC_LITERAL_CONVERSION = YES;
				CLANG_WARN_OBJC_ROOT_CLASS = YES_ERROR;
				CLANG_WARN_QUOTED_INCLUDE_IN_FRAMEWORK_HEADER = YES;
				CLANG_WARN_RANGE_LOOP_ANALYSIS = YES;
				CLANG_WARN_STRICT_PROTOTYPES = YES;
				CLANG_WARN_SUSPICIOUS_MOVE = YES;
				CLANG_WARN_UNGUARDED_AVAILABILITY = YES_AGGRESSIVE;
				CLANG_WARN_UNREACHABLE_CODE = YES;
				CLANG_WARN__DUPLICATE_METHOD_MATCH = YES;
				COPY_PHASE_STRIP = NO;
				DEBUG_INFORMATION_FORMAT = dwarf;
				ENABLE_STRICT_OBJC_MSGSEND = YES;
				ENABLE_TESTABILITY = YES;
				ENABLE_USER_SCRIPT_SANDBOXING = YES;
				GCC_C_LANGUAGE_STANDARD = gnu17;
				GCC_DYNAMIC_NO_PIC = NO;
				GCC_NO_COMMON_BLOCKS = YES;
				GCC_OPTIMIZATION_LEVEL = 0;
				GCC_PREPROCESSOR_DEFINITIONS = (
					"DEBUG=1",
					"$(inherited)",
				);
				GCC_WARN_64_TO_32_BIT_CONVERSION = YES;
				GCC_WARN_ABOUT_RETURN_TYPE = YES_ERROR;
				GCC_WARN_UNDECLARED_SELECTOR = YES;
				GCC_WARN_UNINITIALIZED_AUTOS = YES_AGGRESSIVE;
				GCC_WARN_UNUSED_FUNCTION = YES;
				GCC_WARN_UNUSED_VARIABLE = YES;
				IPHONEOS_DEPLOYMENT_TARGET = 17.0;
				LOCALIZATION_PREFERS_STRING_CATALOGS = YES;
				MTL_ENABLE_DEBUG_INFO = INCLUDE_SOURCE;
				MTL_FAST_MATH = YES;
				ONLY_ACTIVE_ARCH = YES;
				SDKROOT = iphoneos;
				SWIFT_ACTIVE_COMPILATION_CONDITIONS = "DEBUG $(inherited)";
				SWIFT_OPTIMIZATION_LEVEL = "-Onone";
			};
			name = Debug;
		};
		D95DA0BB2B30792D008A4E8D /* Release */ = {
			isa = XCBuildConfiguration;
			buildSettings = {
				ALWAYS_SEARCH_USER_PATHS = NO;
				ASSETCATALOG_COMPILER_GENERATE_SWIFT_ASSET_SYMBOL_EXTENSIONS = YES;
				CLANG_ANALYZER_NONNULL = YES;
				CLANG_ANALYZER_NUMBER_OBJECT_CONVERSION = YES_AGGRESSIVE;
				CLANG_CXX_LANGUAGE_STANDARD = "gnu++20";
				CLANG_ENABLE_MODULES = YES;
				CLANG_ENABLE_OBJC_ARC = YES;
				CLANG_ENABLE_OBJC_WEAK = YES;
				CLANG_WARN_BLOCK_CAPTURE_AUTORELEASING = YES;
				CLANG_WARN_BOOL_CONVERSION = YES;
				CLANG_WARN_COMMA = YES;
				CLANG_WARN_CONSTANT_CONVERSION = YES;
				CLANG_WARN_DEPRECATED_OBJC_IMPLEMENTATIONS = YES;
				CLANG_WARN_DIRECT_OBJC_ISA_USAGE = YES_ERROR;
				CLANG_WARN_DOCUMENTATION_COMMENTS = YES;
				CLANG_WARN_EMPTY_BODY = YES;
				CLANG_WARN_ENUM_CONVERSION = YES;
				CLANG_WARN_INFINITE_RECURSION = YES;
				CLANG_WARN_INT_CONVERSION = YES;
				CLANG_WARN_NON_LITERAL_NULL_CONVERSION = YES;
				CLANG_WARN_OBJC_IMPLICIT_RETAIN_SELF = YES;
				CLANG_WARN_OBJC_LITERAL_CONVERSION = YES;
				CLANG_WARN_OBJC_ROOT_CLASS = YES_ERROR;
				CLANG_WARN_QUOTED_INCLUDE_IN_FRAMEWORK_HEADER = YES;
				CLANG_WARN_RANGE_LOOP_ANALYSIS = YES;
				CLANG_WARN_STRICT_PROTOTYPES = YES;
				CLANG_WARN_SUSPICIOUS_MOVE = YES;
				CLANG_WARN_UNGUARDED_AVAILABILITY = YES_AGGRESSIVE;
				CLANG_WARN_UNREACHABLE_CODE = YES;
				CLANG_WARN__DUPLICATE_METHOD_MATCH = YES;
				COPY_PHASE_STRIP = NO;
				DEBUG_INFORMATION_FORMAT = "dwarf-with-dsym";
				ENABLE_NS_ASSERTIONS = NO;
				ENABLE_STRICT_OBJC_MSGSEND = YES;
				ENABLE_USER_SCRIPT_SANDBOXING = YES;
				GCC_C_LANGUAGE_STANDARD = gnu17;
				GCC_NO_COMMON_BLOCKS = YES;
				GCC_WARN_64_TO_32_BIT_CONVERSION = YES;
				GCC_WARN_ABOUT_RETURN_TYPE = YES_ERROR;
				GCC_WARN_UNDECLARED_SELECTOR = YES;
				GCC_WARN_UNINITIALIZED_AUTOS = YES_AGGRESSIVE;
				GCC_WARN_UNUSED_FUNCTION = YES;
				GCC_WARN_UNUSED_VARIABLE = YES;
				IPHONEOS_DEPLOYMENT_TARGET = 17.0;
				LOCALIZATION_PREFERS_STRING_CATALOGS = YES;
				MTL_ENABLE_DEBUG_INFO = NO;
				MTL_FAST_MATH = YES;
				SDKROOT = iphoneos;
				SWIFT_COMPILATION_MODE = wholemodule;
				VALIDATE_PRODUCT = YES;
			};
			name = Release;
		};
		D95DA0BD2B30792D008A4E8D /* Debug */ = {
			isa = XCBuildConfiguration;
			buildSettings = {
				ALWAYS_EMBED_SWIFT_STANDARD_LIBRARIES = YES;
				ASSETCATALOG_COMPILER_APPICON_NAME = AppIcon;
				ASSETCATALOG_COMPILER_GLOBAL_ACCENT_COLOR_NAME = AccentColor;
				CODE_SIGN_STYLE = Automatic;
				CURRENT_PROJECT_VERSION = 2;
				DEVELOPMENT_ASSET_PATHS = "\"ExpenseTracer/Preview Content\"";
				DEVELOPMENT_TEAM = 4C34TC26X4;
				ENABLE_PREVIEWS = YES;
				GENERATE_INFOPLIST_FILE = YES;
				INFOPLIST_KEY_LSApplicationCategoryType = "public.app-category.finance";
				INFOPLIST_KEY_NSFaceIDUsageDescription = "We need your permission to unlock your app.";
				INFOPLIST_KEY_UIApplicationSceneManifest_Generation = YES;
				INFOPLIST_KEY_UIApplicationSupportsIndirectInputEvents = YES;
				INFOPLIST_KEY_UILaunchScreen_Generation = YES;
				INFOPLIST_KEY_UISupportedInterfaceOrientations = UIInterfaceOrientationPortrait;
				INFOPLIST_KEY_UISupportedInterfaceOrientations_iPad = "UIInterfaceOrientationLandscapeLeft UIInterfaceOrientationLandscapeRight UIInterfaceOrientationPortrait UIInterfaceOrientationPortraitUpsideDown";
				LD_RUNPATH_SEARCH_PATHS = (
					"$(inherited)",
					"@executable_path/Frameworks",
				);
				MARKETING_VERSION = 1.1.0;
				PRODUCT_BUNDLE_IDENTIFIER = com.app.ExpenseTracer;
				PRODUCT_NAME = "$(TARGET_NAME)";
				SUPPORTED_PLATFORMS = "iphoneos iphonesimulator";
				SUPPORTS_MACCATALYST = NO;
				SUPPORTS_MAC_DESIGNED_FOR_IPHONE_IPAD = NO;
				SUPPORTS_XR_DESIGNED_FOR_IPHONE_IPAD = NO;
				SWIFT_EMIT_LOC_STRINGS = YES;
				SWIFT_VERSION = 5.0;
				TARGETED_DEVICE_FAMILY = 1;
			};
			name = Debug;
		};
		D95DA0BE2B30792D008A4E8D /* Release */ = {
			isa = XCBuildConfiguration;
			buildSettings = {
				ALWAYS_EMBED_SWIFT_STANDARD_LIBRARIES = YES;
				ASSETCATALOG_COMPILER_APPICON_NAME = AppIcon;
				ASSETCATALOG_COMPILER_GLOBAL_ACCENT_COLOR_NAME = AccentColor;
				CODE_SIGN_STYLE = Automatic;
				CURRENT_PROJECT_VERSION = 2;
				DEVELOPMENT_ASSET_PATHS = "\"ExpenseTracer/Preview Content\"";
				DEVELOPMENT_TEAM = 4C34TC26X4;
				ENABLE_PREVIEWS = YES;
				GENERATE_INFOPLIST_FILE = YES;
				INFOPLIST_KEY_LSApplicationCategoryType = "public.app-category.finance";
				INFOPLIST_KEY_NSFaceIDUsageDescription = "We need your permission to unlock your app.";
				INFOPLIST_KEY_UIApplicationSceneManifest_Generation = YES;
				INFOPLIST_KEY_UIApplicationSupportsIndirectInputEvents = YES;
				INFOPLIST_KEY_UILaunchScreen_Generation = YES;
				INFOPLIST_KEY_UISupportedInterfaceOrientations = UIInterfaceOrientationPortrait;
				INFOPLIST_KEY_UISupportedInterfaceOrientations_iPad = "UIInterfaceOrientationLandscapeLeft UIInterfaceOrientationLandscapeRight UIInterfaceOrientationPortrait UIInterfaceOrientationPortraitUpsideDown";
				LD_RUNPATH_SEARCH_PATHS = (
					"$(inherited)",
					"@executable_path/Frameworks",
				);
				MARKETING_VERSION = 1.1.0;
				PRODUCT_BUNDLE_IDENTIFIER = com.app.ExpenseTracer;
				PRODUCT_NAME = "$(TARGET_NAME)";
				SUPPORTED_PLATFORMS = "iphoneos iphonesimulator";
				SUPPORTS_MACCATALYST = NO;
				SUPPORTS_MAC_DESIGNED_FOR_IPHONE_IPAD = NO;
				SUPPORTS_XR_DESIGNED_FOR_IPHONE_IPAD = NO;
				SWIFT_EMIT_LOC_STRINGS = YES;
				SWIFT_VERSION = 5.0;
				TARGETED_DEVICE_FAMILY = 1;
			};
			name = Release;
		};
		D9CE2F972BC471B3006EF862 /* Debug */ = {
			isa = XCBuildConfiguration;
			buildSettings = {
				ASSETCATALOG_COMPILER_GLOBAL_ACCENT_COLOR_NAME = AccentColor;
				ASSETCATALOG_COMPILER_WIDGET_BACKGROUND_COLOR_NAME = WidgetBackground;
				CODE_SIGN_STYLE = Automatic;
				CURRENT_PROJECT_VERSION = 1;
				DEVELOPMENT_TEAM = 4C34TC26X4;
				GENERATE_INFOPLIST_FILE = YES;
				INFOPLIST_FILE = StatsCardView/Info.plist;
				INFOPLIST_KEY_CFBundleDisplayName = StatsCardView;
				INFOPLIST_KEY_NSHumanReadableCopyright = "";
				IPHONEOS_DEPLOYMENT_TARGET = 17.2;
				LD_RUNPATH_SEARCH_PATHS = (
					"$(inherited)",
					"@executable_path/Frameworks",
					"@executable_path/../../Frameworks",
				);
				MARKETING_VERSION = 1.0;
				PRODUCT_BUNDLE_IDENTIFIER = com.app.ExpenseTracer.StatsCardView;
				PRODUCT_NAME = "$(TARGET_NAME)";
				SKIP_INSTALL = YES;
				SWIFT_EMIT_LOC_STRINGS = YES;
				SWIFT_VERSION = 5.0;
				TARGETED_DEVICE_FAMILY = "1,2";
			};
			name = Debug;
		};
		D9CE2F982BC471B3006EF862 /* Release */ = {
			isa = XCBuildConfiguration;
			buildSettings = {
				ASSETCATALOG_COMPILER_GLOBAL_ACCENT_COLOR_NAME = AccentColor;
				ASSETCATALOG_COMPILER_WIDGET_BACKGROUND_COLOR_NAME = WidgetBackground;
				CODE_SIGN_STYLE = Automatic;
				CURRENT_PROJECT_VERSION = 1;
				DEVELOPMENT_TEAM = 4C34TC26X4;
				GENERATE_INFOPLIST_FILE = YES;
				INFOPLIST_FILE = StatsCardView/Info.plist;
				INFOPLIST_KEY_CFBundleDisplayName = StatsCardView;
				INFOPLIST_KEY_NSHumanReadableCopyright = "";
				IPHONEOS_DEPLOYMENT_TARGET = 17.2;
				LD_RUNPATH_SEARCH_PATHS = (
					"$(inherited)",
					"@executable_path/Frameworks",
					"@executable_path/../../Frameworks",
				);
				MARKETING_VERSION = 1.0;
				PRODUCT_BUNDLE_IDENTIFIER = com.app.ExpenseTracer.StatsCardView;
				PRODUCT_NAME = "$(TARGET_NAME)";
				SKIP_INSTALL = YES;
				SWIFT_EMIT_LOC_STRINGS = YES;
				SWIFT_VERSION = 5.0;
				TARGETED_DEVICE_FAMILY = "1,2";
			};
			name = Release;
		};
/* End XCBuildConfiguration section */

/* Begin XCConfigurationList section */
		D95DA0A92B30792C008A4E8D /* Build configuration list for PBXProject "ExpenseTracer" */ = {
			isa = XCConfigurationList;
			buildConfigurations = (
				D95DA0BA2B30792D008A4E8D /* Debug */,
				D95DA0BB2B30792D008A4E8D /* Release */,
			);
			defaultConfigurationIsVisible = 0;
			defaultConfigurationName = Release;
		};
		D95DA0BC2B30792D008A4E8D /* Build configuration list for PBXNativeTarget "ExpenseTracer" */ = {
			isa = XCConfigurationList;
			buildConfigurations = (
				D95DA0BD2B30792D008A4E8D /* Debug */,
				D95DA0BE2B30792D008A4E8D /* Release */,
			);
			defaultConfigurationIsVisible = 0;
			defaultConfigurationName = Release;
		};
		D9CE2F962BC471B3006EF862 /* Build configuration list for PBXNativeTarget "StatsCardViewExtension" */ = {
			isa = XCConfigurationList;
			buildConfigurations = (
				D9CE2F972BC471B3006EF862 /* Debug */,
				D9CE2F982BC471B3006EF862 /* Release */,
			);
			defaultConfigurationIsVisible = 0;
			defaultConfigurationName = Release;
		};
/* End XCConfigurationList section */
	};
	rootObject = D95DA0A62B30792C008A4E8D /* Project object */;
}
